<?xml version="1.0" encoding="utf-8"?>
<Project ToolsVersion="4.0" xmlns="http://schemas.microsoft.com/developer/msbuild/2003">
  <ItemGroup>
    <Filter Include="Source Files">
      <UniqueIdentifier>{4FC737F1-C7A5-4376-A066-2A32D752A2FF}</UniqueIdentifier>
      <Extensions>cpp;c;cc;cxx;c++;cppm;ixx;def;odl;idl;hpj;bat;asm;asmx</Extensions>
    </Filter>
    <Filter Include="Header Files">
      <UniqueIdentifier>{93995380-89BD-4b04-88EB-625FBE52EBFB}</UniqueIdentifier>
      <Extensions>h;hh;hpp;hxx;h++;hm;inl;inc;ipp;xsd</Extensions>
    </Filter>
    <Filter Include="Resource Files">
      <UniqueIdentifier>{67DA6AB6-F800-4c08-8B7A-83BB121AAD01}</UniqueIdentifier>
      <Extensions>rc;ico;cur;bmp;dlg;rc2;rct;bin;rgs;gif;jpg;jpeg;jpe;resx;tiff;tif;png;wav;mfcribbon-ms</Extensions>
    </Filter>
  </ItemGroup>
  <ItemGroup>
    <ClCompile Include="s1 s2 tìm xâu con nhỏ nhất chứa all char s2.cpp">
      <Filter>Source Files</Filter>
    </ClCompile>
    <ClCompile Include="tìm xâu con min chứa all char xâu mẹ.cpp">
      <Filter>Source Files</Filter>
    </ClCompile>
    <ClCompile Include="Source1.cpp">
      <Filter>Source Files</Filter>
    </ClCompile>
    <ClCompile Include="vị trí chẵn số chẵn vị trí lẽ số lẻ.cpp">
      <Filter>Source Files</Filter>
    </ClCompile>
    <ClCompile Include="tính số vùng.cpp">
      <Filter>Source Files</Filter>
    </ClCompile>
    <ClCompile Include="tinh số vùng.cpp">
      <Filter>Source Files</Filter>
    </ClCompile>
    <ClCompile Include="chống gian lâlj.cpp">
      <Filter>Source Files</Filter>
    </ClCompile>
    <ClCompile Include="quản lí kho hàng.cpp">
      <Filter>Source Files</Filter>
    </ClCompile>
    <ClCompile Include="Source.cpp">
      <Filter>Source Files</Filter>
    </ClCompile>
    <ClCompile Include="NT và chữ số cuối cùng.cpp">
      <Filter>Source Files</Filter>
    </ClCompile>
    <ClCompile Include="Source2.cpp">
      <Filter>Source Files</Filter>
    </ClCompile>
    <ClCompile Include="Source3.cpp">
      <Filter>Source Files</Filter>
    </ClCompile>
    <ClCompile Include="Source4.cpp">
      <Filter>Source Files</Filter>
    </ClCompile>
    <ClCompile Include="Source6.cpp">
      <Filter>Source Files</Filter>
    </ClCompile>
    <ClCompile Include="email và mk của sinh vien dùng struct.cpp">
      <Filter>Source Files</Filter>
    </ClCompile>
    <ClCompile Include="email và mk của sinh viên.cpp">
      <Filter>Source Files</Filter>
    </ClCompile>
    <ClCompile Include="mergesort để tính cặp nghịch thế.cpp">
      <Filter>Source Files</Filter>
    </ClCompile>
    <ClCompile Include="số đẹp.cpp">
      <Filter>Source Files</Filter>
    </ClCompile>
    <ClCompile Include="Source7.cpp">
      <Filter>Source Files</Filter>
    </ClCompile>
    <ClCompile Include="in ra sô lớn nhất nhỏ hơn n trong mảng.cpp">
      <Filter>Source Files</Filter>
    </ClCompile>
    <ClCompile Include="tổng trên hàng trên cột.cpp">
      <Filter>Source Files</Filter>
    </ClCompile>
    <ClCompile Include="đếm số NT từ l đếnn r.cpp">
      <Filter>Source Files</Filter>
    </ClCompile>
    <ClCompile Include="dem cặp có tổng lớn hơn k.cpp">
      <Filter>Source Files</Filter>
    </ClCompile>
    <ClCompile Include="NT 2 đường chéo của ma trận.cpp">
      <Filter>Source Files</Filter>
    </ClCompile>
    <ClCompile Include="tìm xâu thuộc xâu này nhưng không thuộc xâu kia.cpp">
      <Filter>Source Files</Filter>
    </ClCompile>
    <ClCompile Include="xâu 2 có trong xâu 1.cpp">
      <Filter>Source Files</Filter>
    </ClCompile>
    <ClCompile Include="duyệt kí ytuwj.cpp">
      <Filter>Source Files</Filter>
    </ClCompile>
    <ClCompile Include="Source5.cpp">
      <Filter>Source Files</Filter>
    </ClCompile>
    <ClCompile Include="Source111.cpp">
      <Filter>Source Files</Filter>
    </ClCompile>
    <ClCompile Include="Source8100cpp.cpp">
      <Filter>Source Files</Filter>
    </ClCompile>
    <ClCompile Include="Source8êâcpp.cpp">
      <Filter>Source Files</Filter>
    </ClCompile>
    <ClCompile Include="Source88cpp.cpp">
      <Filter>Source Files</Filter>
    </ClCompile>
    <ClCompile Include="fabonaci thứ n.cpp">
      <Filter>Source Files</Filter>
    </ClCompile>
  </ItemGroup>
</Project>